
Microsoft Visual Studio Solution File, Format Version 12.00
# Visual Studio Version 17
VisualStudioVersion = 17.6.33829.357
MinimumVisualStudioVersion = 10.0.40219.1
Project("{FAE04EC0-301F-11D3-BF4B-00C04F79EFBC}") = "PrimeiroProjeto", "PrimeiroProjeto\PrimeiroProjeto.csproj", "{0A43802C-8503-4C3F-90AA-0C0AD3A74F0C}"
EndProject
Global
	GlobalSection(SolutionConfigurationPlatforms) = preSolution
		Debug|Any CPU = Debug|Any CPU
		Release|Any CPU = Release|Any CPU
	EndGlobalSection
	GlobalSection(ProjectConfigurationPlatforms) = postSolution
		{0A43802C-8503-4C3F-90AA-0C0AD3A74F0C}.Debug|Any CPU.ActiveCfg = Debug|Any CPU
		{0A43802C-8503-4C3F-90AA-0C0AD3A74F0C}.Debug|Any CPU.Build.0 = Debug|Any CPU
		{0A43802C-8503-4C3F-90AA-0C0AD3A74F0C}.Release|Any CPU.ActiveCfg = Release|Any CPU
		{0A43802C-8503-4C3F-90AA-0C0AD3A74F0C}.Release|Any CPU.Build.0 = Release|Any CPU
	EndGlobalSection
	GlobalSection(SolutionProperties) = preSolution
		HideSolutionNode = FALSE
	EndGlobalSection
	GlobalSection(ExtensibilityGlobals) = postSolution
		SolutionGuid = {F9AFA727-FC0A-4C02-9802-D54414ACFB67}
	EndGlobalSection
EndGlobal
